<Solution>
  <Project Path="Assembly-CSharp-Editor.csproj" />
  <Project Path="Assembly-CSharp.csproj" />
  <Project Path="BistroBuilder.SmartAssets.Editor.csproj" />
  <Project Path="BistroBuilder.AssetStudioBB.Editor.csproj" />
  <Project Path="BistroBuilder.SmartAssets.Runtime.csproj" />
  <Project Path="BistroBuilder.AssetStudioBB.Runtime.csproj" />
</Solution>
